// !$*UTF8*$!
{
	archiveVersion = 1;
	classes = {
	};
	objectVersion = 46;
	objects = {

/* Begin PBXBuildFile section */
		2977FDDF1A1B95B200DE4731 /* AppDelegate.swift in Sources */ = {isa = PBXBuildFile; fileRef = 2977FDDE1A1B95B200DE4731 /* AppDelegate.swift */; };
		2977FDE11A1B95B200DE4731 /* ViewController.swift in Sources */ = {isa = PBXBuildFile; fileRef = 2977FDE01A1B95B200DE4731 /* ViewController.swift */; };
		2977FDE41A1B95B200DE4731 /* Main.storyboard in Resources */ = {isa = PBXBuildFile; fileRef = 2977FDE21A1B95B200DE4731 /* Main.storyboard */; };
		2977FDE61A1B95B200DE4731 /* Images.xcassets in Resources */ = {isa = PBXBuildFile; fileRef = 2977FDE51A1B95B200DE4731 /* Images.xcassets */; };
		2977FDE91A1B95B200DE4731 /* LaunchScreen.xib in Resources */ = {isa = PBXBuildFile; fileRef = 2977FDE71A1B95B200DE4731 /* LaunchScreen.xib */; };
		2977FDF51A1B95B200DE4731 /* matts_tutorial_11_18_14Tests.swift in Sources */ = {isa = PBXBuildFile; fileRef = 2977FDF41A1B95B200DE4731 /* matts_tutorial_11_18_14Tests.swift */; };
		2977FDFF1A1B98A500DE4731 /* SwiftHttp.swift in Sources */ = {isa = PBXBuildFile; fileRef = 2977FDFE1A1B98A500DE4731 /* SwiftHttp.swift */; };
		2977FE011A1B9D2400DE4731 /* WeatherDetailsViewController.swift in Sources */ = {isa = PBXBuildFile; fileRef = 2977FE001A1B9D2400DE4731 /* WeatherDetailsViewController.swift */; };
		2977FE091A1BA27C00DE4731 /* ocean-bg.png in Resources */ = {isa = PBXBuildFile; fileRef = 2977FE081A1BA27C00DE4731 /* ocean-bg.png */; };
		2977FE0B1A1BA37B00DE4731 /* trees-bg.png in Resources */ = {isa = PBXBuildFile; fileRef = 2977FE0A1A1BA37B00DE4731 /* trees-bg.png */; };
/* End PBXBuildFile section */

/* Begin PBXContainerItemProxy section */
		2977FDEF1A1B95B200DE4731 /* PBXContainerItemProxy */ = {
			isa = PBXContainerItemProxy;
			containerPortal = 2977FDD11A1B95B200DE4731 /* Project object */;
			proxyType = 1;
			remoteGlobalIDString = 2977FDD81A1B95B200DE4731;
			remoteInfo = "matts-tutorial-11-18-14";
		};
/* End PBXContainerItemProxy section */

/* Begin PBXFileReference section */
		2977FDD91A1B95B200DE4731 /* matts-tutorial-11-18-14.app */ = {isa = PBXFileReference; explicitFileType = wrapper.application; includeInIndex = 0; path = "matts-tutorial-11-18-14.app"; sourceTree = BUILT_PRODUCTS_DIR; };
		2977FDDD1A1B95B200DE4731 /* Info.plist */ = {isa = PBXFileReference; lastKnownFileType = text.plist.xml; path = Info.plist; sourceTree = "<group>"; };
		2977FDDE1A1B95B200DE4731 /* AppDelegate.swift */ = {isa = PBXFileReference; lastKnownFileType = sourcecode.swift; path = AppDelegate.swift; sourceTree = "<group>"; };
		2977FDE01A1B95B200DE4731 /* ViewController.swift */ = {isa = PBXFileReference; lastKnownFileType = sourcecode.swift; path = ViewController.swift; sourceTree = "<group>"; };
		2977FDE31A1B95B200DE4731 /* Base */ = {isa = PBXFileReference; lastKnownFileType = file.storyboard; name = Base; path = Base.lproj/Main.storyboard; sourceTree = "<group>"; };
		2977FDE51A1B95B200DE4731 /* Images.xcassets */ = {isa = PBXFileReference; lastKnownFileType = folder.assetcatalog; path = Images.xcassets; sourceTree = "<group>"; };
		2977FDE81A1B95B200DE4731 /* Base */ = {isa = PBXFileReference; lastKnownFileType = file.xib; name = Base; path = Base.lproj/LaunchScreen.xib; sourceTree = "<group>"; };
		2977FDEE1A1B95B200DE4731 /* matts-tutorial-11-18-14Tests.xctest */ = {isa = PBXFileReference; explicitFileType = wrapper.cfbundle; includeInIndex = 0; path = "matts-tutorial-11-18-14Tests.xctest"; sourceTree = BUILT_PRODUCTS_DIR; };
		2977FDF31A1B95B200DE4731 /* Info.plist */ = {isa = PBXFileReference; lastKnownFileType = text.plist.xml; path = Info.plist; sourceTree = "<group>"; };
		2977FDF41A1B95B200DE4731 /* matts_tutorial_11_18_14Tests.swift */ = {isa = PBXFileReference; lastKnownFileType = sourcecode.swift; path = matts_tutorial_11_18_14Tests.swift; sourceTree = "<group>"; };
		2977FDFE1A1B98A500DE4731 /* SwiftHttp.swift */ = {isa = PBXFileReference; fileEncoding = 4; lastKnownFileType = sourcecode.swift; path = SwiftHttp.swift; sourceTree = "<group>"; };
		2977FE001A1B9D2400DE4731 /* WeatherDetailsViewController.swift */ = {isa = PBXFileReference; fileEncoding = 4; lastKnownFileType = sourcecode.swift; name = WeatherDetailsViewController.swift; path = ../WeatherDetailsViewController.swift; sourceTree = "<group>"; };
		2977FE081A1BA27C00DE4731 /* ocean-bg.png */ = {isa = PBXFileReference; lastKnownFileType = image.png; path = "ocean-bg.png"; sourceTree = "<group>"; };
		2977FE0A1A1BA37B00DE4731 /* trees-bg.png */ = {isa = PBXFileReference; lastKnownFileType = image.png; path = "trees-bg.png"; sourceTree = "<group>"; };
/* End PBXFileReference section */

/* Begin PBXFrameworksBuildPhase section */
		2977FDD61A1B95B200DE4731 /* Frameworks */ = {
			isa = PBXFrameworksBuildPhase;
			buildActionMask = 2147483647;
			files = (
			);
			runOnlyForDeploymentPostprocessing = 0;
		};
		2977FDEB1A1B95B200DE4731 /* Frameworks */ = {
			isa = PBXFrameworksBuildPhase;
			buildActionMask = 2147483647;
			files = (
			);
			runOnlyForDeploymentPostprocessing = 0;
		};
/* End PBXFrameworksBuildPhase section */

/* Begin PBXGroup section */
		2977FDD01A1B95B200DE4731 = {
			isa = PBXGroup;
			children = (
				2977FDDB1A1B95B200DE4731 /* matts-tutorial-11-18-14 */,
				2977FDF11A1B95B200DE4731 /* matts-tutorial-11-18-14Tests */,
				2977FDDA1A1B95B200DE4731 /* Products */,
			);
			sourceTree = "<group>";
		};
		2977FDDA1A1B95B200DE4731 /* Products */ = {
			isa = PBXGroup;
			children = (
				2977FDD91A1B95B200DE4731 /* matts-tutorial-11-18-14.app */,
				2977FDEE1A1B95B200DE4731 /* matts-tutorial-11-18-14Tests.xctest */,
			);
			name = Products;
			sourceTree = "<group>";
		};
		2977FDDB1A1B95B200DE4731 /* matts-tutorial-11-18-14 */ = {
			isa = PBXGroup;
			children = (
				2977FE0A1A1BA37B00DE4731 /* trees-bg.png */,
				2977FE081A1BA27C00DE4731 /* ocean-bg.png */,
				2977FE001A1B9D2400DE4731 /* WeatherDetailsViewController.swift */,
				2977FDDE1A1B95B200DE4731 /* AppDelegate.swift */,
				2977FDE01A1B95B200DE4731 /* ViewController.swift */,
				2977FDE21A1B95B200DE4731 /* Main.storyboard */,
				2977FDE51A1B95B200DE4731 /* Images.xcassets */,
				2977FDE71A1B95B200DE4731 /* LaunchScreen.xib */,
				2977FDDC1A1B95B200DE4731 /* Supporting Files */,
				2977FDFE1A1B98A500DE4731 /* SwiftHttp.swift */,
			);
			path = "matts-tutorial-11-18-14";
			sourceTree = "<group>";
		};
		2977FDDC1A1B95B200DE4731 /* Supporting Files */ = {
			isa = PBXGroup;
			children = (
				2977FDDD1A1B95B200DE4731 /* Info.plist */,
			);
			name = "Supporting Files";
			sourceTree = "<group>";
		};
		2977FDF11A1B95B200DE4731 /* matts-tutorial-11-18-14Tests */ = {
			isa = PBXGroup;
			children = (
				2977FDF41A1B95B200DE4731 /* matts_tutorial_11_18_14Tests.swift */,
				2977FDF21A1B95B200DE4731 /* Supporting Files */,
			);
			path = "matts-tutorial-11-18-14Tests";
			sourceTree = "<group>";
		};
		2977FDF21A1B95B200DE4731 /* Supporting Files */ = {
			isa = PBXGroup;
			children = (
				2977FDF31A1B95B200DE4731 /* Info.plist */,
			);
			name = "Supporting Files";
			sourceTree = "<group>";
		};
/* End PBXGroup section */

/* Begin PBXNativeTarget section */
		2977FDD81A1B95B200DE4731 /* matts-tutorial-11-18-14 */ = {
			isa = PBXNativeTarget;
			buildConfigurationList = 2977FDF81A1B95B200DE4731 /* Build configuration list for PBXNativeTarget "matts-tutorial-11-18-14" */;
			buildPhases = (
				2977FDD51A1B95B200DE4731 /* Sources */,
				2977FDD61A1B95B200DE4731 /* Frameworks */,
				2977FDD71A1B95B200DE4731 /* Resources */,
			);
			buildRules = (
			);
			dependencies = (
			);
			name = "matts-tutorial-11-18-14";
			productName = "matts-tutorial-11-18-14";
			productReference = 2977FDD91A1B95B200DE4731 /* matts-tutorial-11-18-14.app */;
			productType = "com.apple.product-type.application";
		};
		2977FDED1A1B95B200DE4731 /* matts-tutorial-11-18-14Tests */ = {
			isa = PBXNativeTarget;
			buildConfigurationList = 2977FDFB1A1B95B200DE4731 /* Build configuration list for PBXNativeTarget "matts-tutorial-11-18-14Tests" */;
			buildPhases = (
				2977FDEA1A1B95B200DE4731 /* Sources */,
				2977FDEB1A1B95B200DE4731 /* Frameworks */,
				2977FDEC1A1B95B200DE4731 /* Resources */,
			);
			buildRules = (
			);
			dependencies = (
				2977FDF01A1B95B200DE4731 /* PBXTargetDependency */,
			);
			name = "matts-tutorial-11-18-14Tests";
			productName = "matts-tutorial-11-18-14Tests";
			productReference = 2977FDEE1A1B95B200DE4731 /* matts-tutorial-11-18-14Tests.xctest */;
			productType = "com.apple.product-type.bundle.unit-test";
		};
/* End PBXNativeTarget section */

/* Begin PBXProject section */
		2977FDD11A1B95B200DE4731 /* Project object */ = {
			isa = PBXProject;
			attributes = {
				LastUpgradeCheck = 0610;
				ORGANIZATIONNAME = "Matthew Montanez";
				TargetAttributes = {
					2977FDD81A1B95B200DE4731 = {
						CreatedOnToolsVersion = 6.1;
					};
					2977FDED1A1B95B200DE4731 = {
						CreatedOnToolsVersion = 6.1;
						TestTargetID = 2977FDD81A1B95B200DE4731;
					};
				};
			};
			buildConfigurationList = 2977FDD41A1B95B200DE4731 /* Build configuration list for PBXProject "matts-tutorial-11-18-14" */;
			compatibilityVersion = "Xcode 3.2";
			developmentRegion = English;
			hasScannedForEncodings = 0;
			knownRegions = (
				en,
				Base,
			);
			mainGroup = 2977FDD01A1B95B200DE4731;
			productRefGroup = 2977FDDA1A1B95B200DE4731 /* Products */;
			projectDirPath = "";
			projectRoot = "";
			targets = (
				2977FDD81A1B95B200DE4731 /* matts-tutorial-11-18-14 */,
				2977FDED1A1B95B200DE4731 /* matts-tutorial-11-18-14Tests */,
			);
		};
/* End PBXProject section */

/* Begin PBXResourcesBuildPhase section */
		2977FDD71A1B95B200DE4731 /* Resources */ = {
			isa = PBXResourcesBuildPhase;
			buildActionMask = 2147483647;
			files = (
				2977FDE41A1B95B200DE4731 /* Main.storyboard in Resources */,
				2977FDE91A1B95B200DE4731 /* LaunchScreen.xib in Resources */,
				2977FE0B1A1BA37B00DE4731 /* trees-bg.png in Resources */,
				2977FDE61A1B95B200DE4731 /* Images.xcassets in Resources */,
				2977FE091A1BA27C00DE4731 /* ocean-bg.png in Resources */,
			);
			runOnlyForDeploymentPostprocessing = 0;
		};
		2977FDEC1A1B95B200DE4731 /* Resources */ = {
			isa = PBXResourcesBuildPhase;
			buildActionMask = 2147483647;
			files = (
			);
			runOnlyForDeploymentPostprocessing = 0;
		};
/* End PBXResourcesBuildPhase section */

/* Begin PBXSourcesBuildPhase section */
		2977FDD51A1B95B200DE4731 /* Sources */ = {
			isa = PBXSourcesBuildPhase;
			buildActionMask = 2147483647;
			files = (
				2977FDE11A1B95B200DE4731 /* ViewController.swift in Sources */,
				2977FDDF1A1B95B200DE4731 /* AppDelegate.swift in Sources */,
				2977FE011A1B9D2400DE4731 /* WeatherDetailsViewController.swift in Sources */,
				2977FDFF1A1B98A500DE4731 /* SwiftHttp.swift in Sources */,
			);
			runOnlyForDeploymentPostprocessing = 0;
		};
		2977FDEA1A1B95B200DE4731 /* Sources */ = {
			isa = PBXSourcesBuildPhase;
			buildActionMask = 2147483647;
			files = (
				2977FDF51A1B95B200DE4731 /* matts_tutorial_11_18_14Tests.swift in Sources */,
			);
			runOnlyForDeploymentPostprocessing = 0;
		};
/* End PBXSourcesBuildPhase section */

/* Begin PBXTargetDependency section */
		2977FDF01A1B95B200DE4731 /* PBXTargetDependency */ = {
			isa = PBXTargetDependency;
			target = 2977FDD81A1B95B200DE4731 /* matts-tutorial-11-18-14 */;
			targetProxy = 2977FDEF1A1B95B200DE4731 /* PBXContainerItemProxy */;
		};
/* End PBXTargetDependency section */

/* Begin PBXVariantGroup section */
		2977FDE21A1B95B200DE4731 /* Main.storyboard */ = {
			isa = PBXVariantGroup;
			children = (
				2977FDE31A1B95B200DE4731 /* Base */,
			);
			name = Main.storyboard;
			sourceTree = "<group>";
		};
		2977FDE71A1B95B200DE4731 /* LaunchScreen.xib */ = {
			isa = PBXVariantGroup;
			children = (
				2977FDE81A1B95B200DE4731 /* Base */,
			);
			name = LaunchScreen.xib;
			sourceTree = "<group>";
		};
/* End PBXVariantGroup section */

/* Begin XCBuildConfiguration section */
		2977FDF61A1B95B200DE4731 /* Debug */ = {
			isa = XCBuildConfiguration;
			buildSettings = {
				ALWAYS_SEARCH_USER_PATHS = NO;
				CLANG_CXX_LANGUAGE_STANDARD = "gnu++0x";
				CLANG_CXX_LIBRARY = "libc++";
				CLANG_ENABLE_MODULES = YES;
				CLANG_ENABLE_OBJC_ARC = YES;
				CLANG_WARN_BOOL_CONVERSION = YES;
				CLANG_WARN_CONSTANT_CONVERSION = YES;
				CLANG_WARN_DIRECT_OBJC_ISA_USAGE = YES_ERROR;
				CLANG_WARN_EMPTY_BODY = YES;
				CLANG_WARN_ENUM_CONVERSION = YES;
				CLANG_WARN_INT_CONVERSION = YES;
				CLANG_WARN_OBJC_ROOT_CLASS = YES_ERROR;
				CLANG_WARN_UNREACHABLE_CODE = YES;
				CLANG_WARN__DUPLICATE_METHOD_MATCH = YES;
				"CODE_SIGN_IDENTITY[sdk=iphoneos*]" = "iPhone Developer";
				COPY_PHASE_STRIP = NO;
				ENABLE_STRICT_OBJC_MSGSEND = YES;
				GCC_C_LANGUAGE_STANDARD = gnu99;
				GCC_DYNAMIC_NO_PIC = NO;
				GCC_OPTIMIZATION_LEVEL = 0;
				GCC_PREPROCESSOR_DEFINITIONS = (
					"DEBUG=1",
					"$(inherited)",
				);
				GCC_SYMBOLS_PRIVATE_EXTERN = NO;
				GCC_WARN_64_TO_32_BIT_CONVERSION = YES;
				GCC_WARN_ABOUT_RETURN_TYPE = YES_ERROR;
				GCC_WARN_UNDECLARED_SELECTOR = YES;
				GCC_WARN_UNINITIALIZED_AUTOS = YES_AGGRESSIVE;
				GCC_WARN_UNUSED_FUNCTION = YES;
				GCC_WARN_UNUSED_VARIABLE = YES;
				IPHONEOS_DEPLOYMENT_TARGET = 8.1;
				MTL_ENABLE_DEBUG_INFO = YES;
				ONLY_ACTIVE_ARCH = YES;
				SDKROOT = iphoneos;
				SWIFT_OPTIMIZATION_LEVEL = "-Onone";
			};
			name = Debug;
		};
		2977FDF71A1B95B200DE4731 /* Release */ = {
			isa = XCBuildConfiguration;
			buildSettings = {
				ALWAYS_SEARCH_USER_PATHS = NO;
				CLANG_CXX_LANGUAGE_STANDARD = "gnu++0x";
				CLANG_CXX_LIBRARY = "libc++";
				CLANG_ENABLE_MODULES = YES;
				CLANG_ENABLE_OBJC_ARC = YES;
				CLANG_WARN_BOOL_CONVERSION = YES;
				CLANG_WARN_CONSTANT_CONVERSION = YES;
				CLANG_WARN_DIRECT_OBJC_ISA_USAGE = YES_ERROR;
				CLANG_WARN_EMPTY_BODY = YES;
				CLANG_WARN_ENUM_CONVERSION = YES;
				CLANG_WARN_INT_CONVERSION = YES;
				CLANG_WARN_OBJC_ROOT_CLASS = YES_ERROR;
				CLANG_WARN_UNREACHABLE_CODE = YES;
				CLANG_WARN__DUPLICATE_METHOD_MATCH = YES;
				"CODE_SIGN_IDENTITY[sdk=iphoneos*]" = "iPhone Developer";
				COPY_PHASE_STRIP = YES;
				ENABLE_NS_ASSERTIONS = NO;
				ENABLE_STRICT_OBJC_MSGSEND = YES;
				GCC_C_LANGUAGE_STANDARD = gnu99;
				GCC_WARN_64_TO_32_BIT_CONVERSION = YES;
				GCC_WARN_ABOUT_RETURN_TYPE = YES_ERROR;
				GCC_WARN_UNDECLARED_SELECTOR = YES;
				GCC_WARN_UNINITIALIZED_AUTOS = YES_AGGRESSIVE;
				GCC_WARN_UNUSED_FUNCTION = YES;
				GCC_WARN_UNUSED_VARIABLE = YES;
				IPHONEOS_DEPLOYMENT_TARGET = 8.1;
				MTL_ENABLE_DEBUG_INFO = NO;
				SDKROOT = iphoneos;
				VALIDATE_PRODUCT = YES;
			};
			name = Release;
		};
		2977FDF91A1B95B200DE4731 /* Debug */ = {
			isa = XCBuildConfiguration;
			buildSettings = {
				ASSETCATALOG_COMPILER_APPICON_NAME = AppIcon;
				INFOPLIST_FILE = "matts-tutorial-11-18-14/Info.plist";
				LD_RUNPATH_SEARCH_PATHS = "$(inherited) @executable_path/Frameworks";
				PRODUCT_NAME = "$(TARGET_NAME)";
			};
			name = Debug;
		};
		2977FDFA1A1B95B200DE4731 /* Release */ = {
			isa = XCBuildConfiguration;
			buildSettings = {
				ASSETCATALOG_COMPILER_APPICON_NAME = AppIcon;
				INFOPLIST_FILE = "matts-tutorial-11-18-14/Info.plist";
				LD_RUNPATH_SEARCH_PATHS = "$(inherited) @executable_path/Frameworks";
				PRODUCT_NAME = "$(TARGET_NAME)";
			};
			name = Release;
		};
		2977FDFC1A1B95B200DE4731 /* Debug */ = {
			isa = XCBuildConfiguration;
			buildSettings = {
				BUNDLE_LOADER = "$(TEST_HOST)";
				FRAMEWORK_SEARCH_PATHS = (
					"$(SDKROOT)/Developer/Library/Frameworks",
					"$(inherited)",
				);
				GCC_PREPROCESSOR_DEFINITIONS = (
					"DEBUG=1",
					"$(inherited)",
				);
				INFOPLIST_FILE = "matts-tutorial-11-18-14Tests/Info.plist";
				LD_RUNPATH_SEARCH_PATHS = "$(inherited) @executable_path/Frameworks @loader_path/Frameworks";
				PRODUCT_NAME = "$(TARGET_NAME)";
				TEST_HOST = "$(BUILT_PRODUCTS_DIR)/matts-tutorial-11-18-14.app/matts-tutorial-11-18-14";
			};
			name = Debug;
		};
		2977FDFD1A1B95B200DE4731 /* Release */ = {
			isa = XCBuildConfiguration;
			buildSettings = {
				BUNDLE_LOADER = "$(TEST_HOST)";
				FRAMEWORK_SEARCH_PATHS = (
					"$(SDKROOT)/Developer/Library/Frameworks",
					"$(inherited)",
				);
				INFOPLIST_FILE = "matts-tutorial-11-18-14Tests/Info.plist";
				LD_RUNPATH_SEARCH_PATHS = "$(inherited) @executable_path/Frameworks @loader_path/Frameworks";
				PRODUCT_NAME = "$(TARGET_NAME)";
				TEST_HOST = "$(BUILT_PRODUCTS_DIR)/matts-tutorial-11-18-14.app/matts-tutorial-11-18-14";
			};
			name = Release;
		};
/* End XCBuildConfiguration section */

/* Begin XCConfigurationList section */
		2977FDD41A1B95B200DE4731 /* Build configuration list for PBXProject "matts-tutorial-11-18-14" */ = {
			isa = XCConfigurationList;
			buildConfigurations = (
				2977FDF61A1B95B200DE4731 /* Debug */,
				2977FDF71A1B95B200DE4731 /* Release */,
			);
			defaultConfigurationIsVisible = 0;
			defaultConfigurationName = Release;
		};
		2977FDF81A1B95B200DE4731 /* Build configuration list for PBXNativeTarget "matts-tutorial-11-18-14" */ = {
			isa = XCConfigurationList;
			buildConfigurations = (
				2977FDF91A1B95B200DE4731 /* Debug */,
				2977FDFA1A1B95B200DE4731 /* Release */,
			);
			defaultConfigurationIsVisible = 0;
		};
		2977FDFB1A1B95B200DE4731 /* Build configuration list for PBXNativeTarget "matts-tutorial-11-18-14Tests" */ = {
			isa = XCConfigurationList;
			buildConfigurations = (
				2977FDFC1A1B95B200DE4731 /* Debug */,
				2977FDFD1A1B95B200DE4731 /* Release */,
			);
			defaultConfigurationIsVisible = 0;
		};
/* End XCConfigurationList section */
	};
	rootObject = 2977FDD11A1B95B200DE4731 /* Project object */;
}
